
Microsoft Visual Studio Solution File, Format Version 12.00
# Visual Studio 15
VisualStudioVersion = 15.0.27130.2036
MinimumVisualStudioVersion = 10.0.40219.1
Project("{FAE04EC0-301F-11D3-BF4B-00C04F79EFBC}") = "AshtonHarris.MovieLib", "AshtonHarris.MovieLib\AshtonHarris.MovieLib.csproj", "{71F92E99-45F9-4328-89B3-833096A09A3D}"
EndProject
Project("{FAE04EC0-301F-11D3-BF4B-00C04F79EFBC}") = "AshtonHarris.MovieLib.Data.Memory", "AshtonHarris.MovieLib.Data.Memory\AshtonHarris.MovieLib.Data.Memory.csproj", "{930C1271-61EB-439A-A4FE-A68CE6C0D566}"
EndProject
Project("{FAE04EC0-301F-11D3-BF4B-00C04F79EFBC}") = "AshtonHarris.MovieLib.Windows", "AshtonHarris.MovieLib.Windows\AshtonHarris.MovieLib.Windows.csproj", "{012CFC66-7A35-4CA4-99C6-257650F2D4FF}"
EndProject
Global
	GlobalSection(SolutionConfigurationPlatforms) = preSolution
		Debug|Any CPU = Debug|Any CPU
		Release|Any CPU = Release|Any CPU
	EndGlobalSection
	GlobalSection(ProjectConfigurationPlatforms) = postSolution
		{71F92E99-45F9-4328-89B3-833096A09A3D}.Debug|Any CPU.ActiveCfg = Debug|Any CPU
		{71F92E99-45F9-4328-89B3-833096A09A3D}.Debug|Any CPU.Build.0 = Debug|Any CPU
		{71F92E99-45F9-4328-89B3-833096A09A3D}.Release|Any CPU.ActiveCfg = Release|Any CPU
		{71F92E99-45F9-4328-89B3-833096A09A3D}.Release|Any CPU.Build.0 = Release|Any CPU
		{930C1271-61EB-439A-A4FE-A68CE6C0D566}.Debug|Any CPU.ActiveCfg = Debug|Any CPU
		{930C1271-61EB-439A-A4FE-A68CE6C0D566}.Debug|Any CPU.Build.0 = Debug|Any CPU
		{930C1271-61EB-439A-A4FE-A68CE6C0D566}.Release|Any CPU.ActiveCfg = Release|Any CPU
		{930C1271-61EB-439A-A4FE-A68CE6C0D566}.Release|Any CPU.Build.0 = Release|Any CPU
		{012CFC66-7A35-4CA4-99C6-257650F2D4FF}.Debug|Any CPU.ActiveCfg = Debug|Any CPU
		{012CFC66-7A35-4CA4-99C6-257650F2D4FF}.Debug|Any CPU.Build.0 = Debug|Any CPU
		{012CFC66-7A35-4CA4-99C6-257650F2D4FF}.Release|Any CPU.ActiveCfg = Release|Any CPU
		{012CFC66-7A35-4CA4-99C6-257650F2D4FF}.Release|Any CPU.Build.0 = Release|Any CPU
	EndGlobalSection
	GlobalSection(SolutionProperties) = preSolution
		HideSolutionNode = FALSE
	EndGlobalSection
	GlobalSection(ExtensibilityGlobals) = postSolution
		SolutionGuid = {728137CF-9265-468A-B051-A05E0A894B2C}
	EndGlobalSection
EndGlobal
