
Microsoft Visual Studio Solution File, Format Version 12.00
# Visual Studio 15
VisualStudioVersion = 15.0.27130.2010
MinimumVisualStudioVersion = 10.0.40219.1
Project("{FAE04EC0-301F-11D3-BF4B-00C04F79EFBC}") = "HelloWorld", "HelloWorld\HelloWorld.csproj", "{F2C5869B-8477-4C53-A578-C86601AAB60C}"
EndProject
Global
	GlobalSection(SolutionConfigurationPlatforms) = preSolution
		Debug|Any CPU = Debug|Any CPU
		Release|Any CPU = Release|Any CPU
	EndGlobalSection
	GlobalSection(ProjectConfigurationPlatforms) = postSolution
		{F2C5869B-8477-4C53-A578-C86601AAB60C}.Debug|Any CPU.ActiveCfg = Debug|Any CPU
		{F2C5869B-8477-4C53-A578-C86601AAB60C}.Debug|Any CPU.Build.0 = Debug|Any CPU
		{F2C5869B-8477-4C53-A578-C86601AAB60C}.Release|Any CPU.ActiveCfg = Release|Any CPU
		{F2C5869B-8477-4C53-A578-C86601AAB60C}.Release|Any CPU.Build.0 = Release|Any CPU
	EndGlobalSection
	GlobalSection(SolutionProperties) = preSolution
		HideSolutionNode = FALSE
	EndGlobalSection
	GlobalSection(ExtensibilityGlobals) = postSolution
		SolutionGuid = {1C1659A7-60FF-4E62-B245-2FE8CB4DFF01}
	EndGlobalSection
EndGlobal
